// !$*UTF8*$!
{
	archiveVersion = 1;
	classes = {
	};
	objectVersion = 50;
	objects = {

/* Begin PBXBuildFile section */
		B629CB2124043F06004F3DF2 /* TeacherClassViewController.swift in Sources */ = {isa = PBXBuildFile; fileRef = B629CB2024043F06004F3DF2 /* TeacherClassViewController.swift */; };
		B629CB2324043F13004F3DF2 /* TeacherGradeViewController.swift in Sources */ = {isa = PBXBuildFile; fileRef = B629CB2224043F13004F3DF2 /* TeacherGradeViewController.swift */; };
		B629CB2524043F51004F3DF2 /* Class.storyboard in Resources */ = {isa = PBXBuildFile; fileRef = B629CB2424043F51004F3DF2 /* Class.storyboard */; };
		B629CB2724043FA0004F3DF2 /* Grade.storyboard in Resources */ = {isa = PBXBuildFile; fileRef = B629CB2624043FA0004F3DF2 /* Grade.storyboard */; };
		B683C4F7240276A70083AE83 /* AppDelegate.swift in Sources */ = {isa = PBXBuildFile; fileRef = B683C4F6240276A70083AE83 /* AppDelegate.swift */; };
		B683C4F9240276A70083AE83 /* SceneDelegate.swift in Sources */ = {isa = PBXBuildFile; fileRef = B683C4F8240276A70083AE83 /* SceneDelegate.swift */; };
		B683C4FB240276A70083AE83 /* ViewController.swift in Sources */ = {isa = PBXBuildFile; fileRef = B683C4FA240276A70083AE83 /* ViewController.swift */; };
		B683C4FE240276A70083AE83 /* Main.storyboard in Resources */ = {isa = PBXBuildFile; fileRef = B683C4FC240276A70083AE83 /* Main.storyboard */; };
		B683C500240276AD0083AE83 /* Assets.xcassets in Resources */ = {isa = PBXBuildFile; fileRef = B683C4FF240276AD0083AE83 /* Assets.xcassets */; };
		B683C503240276AD0083AE83 /* LaunchScreen.storyboard in Resources */ = {isa = PBXBuildFile; fileRef = B683C501240276AD0083AE83 /* LaunchScreen.storyboard */; };
		B683C50E240276AD0083AE83 /* AP_ClassTests.swift in Sources */ = {isa = PBXBuildFile; fileRef = B683C50D240276AD0083AE83 /* AP_ClassTests.swift */; };
		B683C519240276AD0083AE83 /* AP_ClassUITests.swift in Sources */ = {isa = PBXBuildFile; fileRef = B683C518240276AD0083AE83 /* AP_ClassUITests.swift */; };
		B683C52E24028C550083AE83 /* LoginViewController.swift in Sources */ = {isa = PBXBuildFile; fileRef = B683C52D24028C550083AE83 /* LoginViewController.swift */; };
		B683C53024028C600083AE83 /* SignUpViewController.swift in Sources */ = {isa = PBXBuildFile; fileRef = B683C52F24028C600083AE83 /* SignUpViewController.swift */; };
		B683C53224028C6C0083AE83 /* HomeViewController.swift in Sources */ = {isa = PBXBuildFile; fileRef = B683C53124028C6C0083AE83 /* HomeViewController.swift */; };
		B683C53524029ABA0083AE83 /* ClassTabBarViewController.swift in Sources */ = {isa = PBXBuildFile; fileRef = B683C53424029ABA0083AE83 /* ClassTabBarViewController.swift */; };
		B683C53B24029C690083AE83 /* More.storyboard in Resources */ = {isa = PBXBuildFile; fileRef = B683C53A24029C690083AE83 /* More.storyboard */; };
		B683C53D24029C700083AE83 /* Profile.storyboard in Resources */ = {isa = PBXBuildFile; fileRef = B683C53C24029C700083AE83 /* Profile.storyboard */; };
		B683C5412402BACE0083AE83 /* LoginAndSignupViewController.swift in Sources */ = {isa = PBXBuildFile; fileRef = B683C5402402BACE0083AE83 /* LoginAndSignupViewController.swift */; };
		B683C5432402C9E60083AE83 /* GlobalFunctions.swift in Sources */ = {isa = PBXBuildFile; fileRef = B683C5422402C9E60083AE83 /* GlobalFunctions.swift */; };
		B683C5452402CC810083AE83 /* ViewExtensions.swift in Sources */ = {isa = PBXBuildFile; fileRef = B683C5442402CC810083AE83 /* ViewExtensions.swift */; };
		B683C5472402DC280083AE83 /* StudentSignupViewController.swift in Sources */ = {isa = PBXBuildFile; fileRef = B683C5462402DC280083AE83 /* StudentSignupViewController.swift */; };
		B683C5492402DC3A0083AE83 /* TeacherSignupViewController.swift in Sources */ = {isa = PBXBuildFile; fileRef = B683C5482402DC3A0083AE83 /* TeacherSignupViewController.swift */; };
		B683C54B2402E6FF0083AE83 /* Student.storyboard in Resources */ = {isa = PBXBuildFile; fileRef = B683C54A2402E6FF0083AE83 /* Student.storyboard */; };
		B683C54D2402E7070083AE83 /* Teacher.storyboard in Resources */ = {isa = PBXBuildFile; fileRef = B683C54C2402E7070083AE83 /* Teacher.storyboard */; };
		B683C54F2402F0D10083AE83 /* ProfileViewController.swift in Sources */ = {isa = PBXBuildFile; fileRef = B683C54E2402F0D10083AE83 /* ProfileViewController.swift */; };
		B683C5512402F14B0083AE83 /* MoreViewController.swift in Sources */ = {isa = PBXBuildFile; fileRef = B683C5502402F14B0083AE83 /* MoreViewController.swift */; };
		B683C5532402F98D0083AE83 /* Course.storyboard in Resources */ = {isa = PBXBuildFile; fileRef = B683C5522402F98D0083AE83 /* Course.storyboard */; };
		B683C5552402F9A30083AE83 /* CourseViewController.swift in Sources */ = {isa = PBXBuildFile; fileRef = B683C5542402F9A30083AE83 /* CourseViewController.swift */; };
		B683C5572402FB450083AE83 /* StudentTabViewController.swift in Sources */ = {isa = PBXBuildFile; fileRef = B683C5562402FB450083AE83 /* StudentTabViewController.swift */; };
		B683C559240305090083AE83 /* CourseCollectionViewCell.swift in Sources */ = {isa = PBXBuildFile; fileRef = B683C558240305090083AE83 /* CourseCollectionViewCell.swift */; };
		B683C55B240309AD0083AE83 /* BookShelf.storyboard in Resources */ = {isa = PBXBuildFile; fileRef = B683C55A240309AD0083AE83 /* BookShelf.storyboard */; };
		B683C55D24030A140083AE83 /* BookShelfViewController.swift in Sources */ = {isa = PBXBuildFile; fileRef = B683C55C24030A140083AE83 /* BookShelfViewController.swift */; };
		B683C55F24030DD20083AE83 /* MoreTableViewCell.swift in Sources */ = {isa = PBXBuildFile; fileRef = B683C55E24030DD20083AE83 /* MoreTableViewCell.swift */; };
/* End PBXBuildFile section */

/* Begin PBXContainerItemProxy section */
		B683C50A240276AD0083AE83 /* PBXContainerItemProxy */ = {
			isa = PBXContainerItemProxy;
			containerPortal = B683C4EB240276A70083AE83 /* Project object */;
			proxyType = 1;
			remoteGlobalIDString = B683C4F2240276A70083AE83;
			remoteInfo = "AP Class";
		};
		B683C515240276AD0083AE83 /* PBXContainerItemProxy */ = {
			isa = PBXContainerItemProxy;
			containerPortal = B683C4EB240276A70083AE83 /* Project object */;
			proxyType = 1;
			remoteGlobalIDString = B683C4F2240276A70083AE83;
			remoteInfo = "AP Class";
		};
/* End PBXContainerItemProxy section */

/* Begin PBXFileReference section */
		B629CB2024043F06004F3DF2 /* TeacherClassViewController.swift */ = {isa = PBXFileReference; lastKnownFileType = sourcecode.swift; path = TeacherClassViewController.swift; sourceTree = "<group>"; };
		B629CB2224043F13004F3DF2 /* TeacherGradeViewController.swift */ = {isa = PBXFileReference; lastKnownFileType = sourcecode.swift; path = TeacherGradeViewController.swift; sourceTree = "<group>"; };
		B629CB2424043F51004F3DF2 /* Class.storyboard */ = {isa = PBXFileReference; lastKnownFileType = file.storyboard; path = Class.storyboard; sourceTree = "<group>"; };
		B629CB2624043FA0004F3DF2 /* Grade.storyboard */ = {isa = PBXFileReference; lastKnownFileType = file.storyboard; path = Grade.storyboard; sourceTree = "<group>"; };
		B683C4F3240276A70083AE83 /* AP Class.app */ = {isa = PBXFileReference; explicitFileType = wrapper.application; includeInIndex = 0; path = "AP Class.app"; sourceTree = BUILT_PRODUCTS_DIR; };
		B683C4F6240276A70083AE83 /* AppDelegate.swift */ = {isa = PBXFileReference; lastKnownFileType = sourcecode.swift; path = AppDelegate.swift; sourceTree = "<group>"; };
		B683C4F8240276A70083AE83 /* SceneDelegate.swift */ = {isa = PBXFileReference; lastKnownFileType = sourcecode.swift; path = SceneDelegate.swift; sourceTree = "<group>"; };
		B683C4FA240276A70083AE83 /* ViewController.swift */ = {isa = PBXFileReference; lastKnownFileType = sourcecode.swift; path = ViewController.swift; sourceTree = "<group>"; };
		B683C4FD240276A70083AE83 /* Base */ = {isa = PBXFileReference; lastKnownFileType = file.storyboard; name = Base; path = Base.lproj/Main.storyboard; sourceTree = "<group>"; };
		B683C4FF240276AD0083AE83 /* Assets.xcassets */ = {isa = PBXFileReference; lastKnownFileType = folder.assetcatalog; path = Assets.xcassets; sourceTree = "<group>"; };
		B683C502240276AD0083AE83 /* Base */ = {isa = PBXFileReference; lastKnownFileType = file.storyboard; name = Base; path = Base.lproj/LaunchScreen.storyboard; sourceTree = "<group>"; };
		B683C504240276AD0083AE83 /* Info.plist */ = {isa = PBXFileReference; lastKnownFileType = text.plist.xml; path = Info.plist; sourceTree = "<group>"; };
		B683C509240276AD0083AE83 /* AP ClassTests.xctest */ = {isa = PBXFileReference; explicitFileType = wrapper.cfbundle; includeInIndex = 0; path = "AP ClassTests.xctest"; sourceTree = BUILT_PRODUCTS_DIR; };
		B683C50D240276AD0083AE83 /* AP_ClassTests.swift */ = {isa = PBXFileReference; lastKnownFileType = sourcecode.swift; path = AP_ClassTests.swift; sourceTree = "<group>"; };
		B683C50F240276AD0083AE83 /* Info.plist */ = {isa = PBXFileReference; lastKnownFileType = text.plist.xml; path = Info.plist; sourceTree = "<group>"; };
		B683C514240276AD0083AE83 /* AP ClassUITests.xctest */ = {isa = PBXFileReference; explicitFileType = wrapper.cfbundle; includeInIndex = 0; path = "AP ClassUITests.xctest"; sourceTree = BUILT_PRODUCTS_DIR; };
		B683C518240276AD0083AE83 /* AP_ClassUITests.swift */ = {isa = PBXFileReference; lastKnownFileType = sourcecode.swift; path = AP_ClassUITests.swift; sourceTree = "<group>"; };
		B683C51A240276AD0083AE83 /* Info.plist */ = {isa = PBXFileReference; lastKnownFileType = text.plist.xml; path = Info.plist; sourceTree = "<group>"; };
		B683C52D24028C550083AE83 /* LoginViewController.swift */ = {isa = PBXFileReference; lastKnownFileType = sourcecode.swift; path = LoginViewController.swift; sourceTree = "<group>"; };
		B683C52F24028C600083AE83 /* SignUpViewController.swift */ = {isa = PBXFileReference; lastKnownFileType = sourcecode.swift; path = SignUpViewController.swift; sourceTree = "<group>"; };
		B683C53124028C6C0083AE83 /* HomeViewController.swift */ = {isa = PBXFileReference; lastKnownFileType = sourcecode.swift; path = HomeViewController.swift; sourceTree = "<group>"; };
		B683C53424029ABA0083AE83 /* ClassTabBarViewController.swift */ = {isa = PBXFileReference; lastKnownFileType = sourcecode.swift; path = ClassTabBarViewController.swift; sourceTree = "<group>"; };
		B683C53A24029C690083AE83 /* More.storyboard */ = {isa = PBXFileReference; lastKnownFileType = file.storyboard; path = More.storyboard; sourceTree = "<group>"; };
		B683C53C24029C700083AE83 /* Profile.storyboard */ = {isa = PBXFileReference; lastKnownFileType = file.storyboard; path = Profile.storyboard; sourceTree = "<group>"; };
		B683C5402402BACE0083AE83 /* LoginAndSignupViewController.swift */ = {isa = PBXFileReference; lastKnownFileType = sourcecode.swift; path = LoginAndSignupViewController.swift; sourceTree = "<group>"; };
		B683C5422402C9E60083AE83 /* GlobalFunctions.swift */ = {isa = PBXFileReference; lastKnownFileType = sourcecode.swift; path = GlobalFunctions.swift; sourceTree = "<group>"; };
		B683C5442402CC810083AE83 /* ViewExtensions.swift */ = {isa = PBXFileReference; lastKnownFileType = sourcecode.swift; path = ViewExtensions.swift; sourceTree = "<group>"; };
		B683C5462402DC280083AE83 /* StudentSignupViewController.swift */ = {isa = PBXFileReference; lastKnownFileType = sourcecode.swift; path = StudentSignupViewController.swift; sourceTree = "<group>"; };
		B683C5482402DC3A0083AE83 /* TeacherSignupViewController.swift */ = {isa = PBXFileReference; lastKnownFileType = sourcecode.swift; path = TeacherSignupViewController.swift; sourceTree = "<group>"; };
		B683C54A2402E6FF0083AE83 /* Student.storyboard */ = {isa = PBXFileReference; lastKnownFileType = file.storyboard; path = Student.storyboard; sourceTree = "<group>"; };
		B683C54C2402E7070083AE83 /* Teacher.storyboard */ = {isa = PBXFileReference; lastKnownFileType = file.storyboard; path = Teacher.storyboard; sourceTree = "<group>"; };
		B683C54E2402F0D10083AE83 /* ProfileViewController.swift */ = {isa = PBXFileReference; lastKnownFileType = sourcecode.swift; path = ProfileViewController.swift; sourceTree = "<group>"; };
		B683C5502402F14B0083AE83 /* MoreViewController.swift */ = {isa = PBXFileReference; lastKnownFileType = sourcecode.swift; path = MoreViewController.swift; sourceTree = "<group>"; };
		B683C5522402F98D0083AE83 /* Course.storyboard */ = {isa = PBXFileReference; lastKnownFileType = file.storyboard; path = Course.storyboard; sourceTree = "<group>"; };
		B683C5542402F9A30083AE83 /* CourseViewController.swift */ = {isa = PBXFileReference; lastKnownFileType = sourcecode.swift; path = CourseViewController.swift; sourceTree = "<group>"; };
		B683C5562402FB450083AE83 /* StudentTabViewController.swift */ = {isa = PBXFileReference; lastKnownFileType = sourcecode.swift; path = StudentTabViewController.swift; sourceTree = "<group>"; };
		B683C558240305090083AE83 /* CourseCollectionViewCell.swift */ = {isa = PBXFileReference; lastKnownFileType = sourcecode.swift; path = CourseCollectionViewCell.swift; sourceTree = "<group>"; };
		B683C55A240309AD0083AE83 /* BookShelf.storyboard */ = {isa = PBXFileReference; lastKnownFileType = file.storyboard; path = BookShelf.storyboard; sourceTree = "<group>"; };
		B683C55C24030A140083AE83 /* BookShelfViewController.swift */ = {isa = PBXFileReference; lastKnownFileType = sourcecode.swift; path = BookShelfViewController.swift; sourceTree = "<group>"; };
		B683C55E24030DD20083AE83 /* MoreTableViewCell.swift */ = {isa = PBXFileReference; lastKnownFileType = sourcecode.swift; path = MoreTableViewCell.swift; sourceTree = "<group>"; };
/* End PBXFileReference section */

/* Begin PBXFrameworksBuildPhase section */
		B683C4F0240276A70083AE83 /* Frameworks */ = {
			isa = PBXFrameworksBuildPhase;
			buildActionMask = 2147483647;
			files = (
			);
			runOnlyForDeploymentPostprocessing = 0;
		};
		B683C506240276AD0083AE83 /* Frameworks */ = {
			isa = PBXFrameworksBuildPhase;
			buildActionMask = 2147483647;
			files = (
			);
			runOnlyForDeploymentPostprocessing = 0;
		};
		B683C511240276AD0083AE83 /* Frameworks */ = {
			isa = PBXFrameworksBuildPhase;
			buildActionMask = 2147483647;
			files = (
			);
			runOnlyForDeploymentPostprocessing = 0;
		};
/* End PBXFrameworksBuildPhase section */

/* Begin PBXGroup section */
		B629CB1E24043EC7004F3DF2 /* Teacher */ = {
			isa = PBXGroup;
			children = (
				B629CB2024043F06004F3DF2 /* TeacherClassViewController.swift */,
				B629CB2224043F13004F3DF2 /* TeacherGradeViewController.swift */,
			);
			path = Teacher;
			sourceTree = "<group>";
		};
		B629CB1F24043ED3004F3DF2 /* Student */ = {
			isa = PBXGroup;
			children = (
			);
			path = Student;
			sourceTree = "<group>";
		};
		B683C4EA240276A70083AE83 = {
			isa = PBXGroup;
			children = (
				B683C4F5240276A70083AE83 /* AP Class */,
				B683C50C240276AD0083AE83 /* AP ClassTests */,
				B683C517240276AD0083AE83 /* AP ClassUITests */,
				B683C4F4240276A70083AE83 /* Products */,
			);
			sourceTree = "<group>";
		};
		B683C4F4240276A70083AE83 /* Products */ = {
			isa = PBXGroup;
			children = (
				B683C4F3240276A70083AE83 /* AP Class.app */,
				B683C509240276AD0083AE83 /* AP ClassTests.xctest */,
				B683C514240276AD0083AE83 /* AP ClassUITests.xctest */,
			);
			name = Products;
			sourceTree = "<group>";
		};
		B683C4F5240276A70083AE83 /* AP Class */ = {
			isa = PBXGroup;
			children = (
				B683C52C24028ADD0083AE83 /* StoryBoards */,
				B683C52B24028ACA0083AE83 /* Views */,
				B683C52A24028AC00083AE83 /* Extensions */,
				B683C52924028AB80083AE83 /* Models */,
				B683C52824028AAF0083AE83 /* ViewControllers */,
				B683C52724028AA80083AE83 /* Common */,
				B683C4F6240276A70083AE83 /* AppDelegate.swift */,
				B683C4F8240276A70083AE83 /* SceneDelegate.swift */,
				B683C4FA240276A70083AE83 /* ViewController.swift */,
				B683C4FF240276AD0083AE83 /* Assets.xcassets */,
				B683C501240276AD0083AE83 /* LaunchScreen.storyboard */,
				B683C504240276AD0083AE83 /* Info.plist */,
			);
			path = "AP Class";
			sourceTree = "<group>";
		};
		B683C50C240276AD0083AE83 /* AP ClassTests */ = {
			isa = PBXGroup;
			children = (
				B683C50D240276AD0083AE83 /* AP_ClassTests.swift */,
				B683C50F240276AD0083AE83 /* Info.plist */,
			);
			path = "AP ClassTests";
			sourceTree = "<group>";
		};
		B683C517240276AD0083AE83 /* AP ClassUITests */ = {
			isa = PBXGroup;
			children = (
				B683C518240276AD0083AE83 /* AP_ClassUITests.swift */,
				B683C51A240276AD0083AE83 /* Info.plist */,
			);
			path = "AP ClassUITests";
			sourceTree = "<group>";
		};
		B683C52724028AA80083AE83 /* Common */ = {
			isa = PBXGroup;
			children = (
				B683C5422402C9E60083AE83 /* GlobalFunctions.swift */,
				B683C5442402CC810083AE83 /* ViewExtensions.swift */,
			);
			path = Common;
			sourceTree = "<group>";
		};
		B683C52824028AAF0083AE83 /* ViewControllers */ = {
			isa = PBXGroup;
			children = (
				B629CB1F24043ED3004F3DF2 /* Student */,
				B629CB1E24043EC7004F3DF2 /* Teacher */,
				B683C52D24028C550083AE83 /* LoginViewController.swift */,
				B683C52F24028C600083AE83 /* SignUpViewController.swift */,
				B683C53124028C6C0083AE83 /* HomeViewController.swift */,
				B683C53424029ABA0083AE83 /* ClassTabBarViewController.swift */,
				B683C5402402BACE0083AE83 /* LoginAndSignupViewController.swift */,
				B683C5462402DC280083AE83 /* StudentSignupViewController.swift */,
				B683C5482402DC3A0083AE83 /* TeacherSignupViewController.swift */,
				B683C54E2402F0D10083AE83 /* ProfileViewController.swift */,
				B683C5502402F14B0083AE83 /* MoreViewController.swift */,
				B683C5542402F9A30083AE83 /* CourseViewController.swift */,
				B683C5562402FB450083AE83 /* StudentTabViewController.swift */,
				B683C55C24030A140083AE83 /* BookShelfViewController.swift */,
			);
			path = ViewControllers;
			sourceTree = "<group>";
		};
		B683C52924028AB80083AE83 /* Models */ = {
			isa = PBXGroup;
			children = (
			);
			path = Models;
			sourceTree = "<group>";
		};
		B683C52A24028AC00083AE83 /* Extensions */ = {
			isa = PBXGroup;
			children = (
			);
			path = Extensions;
			sourceTree = "<group>";
		};
		B683C52B24028ACA0083AE83 /* Views */ = {
			isa = PBXGroup;
			children = (
				B683C558240305090083AE83 /* CourseCollectionViewCell.swift */,
				B683C55E24030DD20083AE83 /* MoreTableViewCell.swift */,
			);
			path = Views;
			sourceTree = "<group>";
		};
		B683C52C24028ADD0083AE83 /* StoryBoards */ = {
			isa = PBXGroup;
			children = (
				B683C4FC240276A70083AE83 /* Main.storyboard */,
				B683C53A24029C690083AE83 /* More.storyboard */,
				B683C53C24029C700083AE83 /* Profile.storyboard */,
				B683C54A2402E6FF0083AE83 /* Student.storyboard */,
				B683C54C2402E7070083AE83 /* Teacher.storyboard */,
				B683C5522402F98D0083AE83 /* Course.storyboard */,
				B683C55A240309AD0083AE83 /* BookShelf.storyboard */,
				B629CB2424043F51004F3DF2 /* Class.storyboard */,
				B629CB2624043FA0004F3DF2 /* Grade.storyboard */,
			);
			path = StoryBoards;
			sourceTree = "<group>";
		};
/* End PBXGroup section */

/* Begin PBXNativeTarget section */
		B683C4F2240276A70083AE83 /* AP Class */ = {
			isa = PBXNativeTarget;
			buildConfigurationList = B683C51D240276AD0083AE83 /* Build configuration list for PBXNativeTarget "AP Class" */;
			buildPhases = (
				B683C4EF240276A70083AE83 /* Sources */,
				B683C4F0240276A70083AE83 /* Frameworks */,
				B683C4F1240276A70083AE83 /* Resources */,
			);
			buildRules = (
			);
			dependencies = (
			);
			name = "AP Class";
			productName = "AP Class";
			productReference = B683C4F3240276A70083AE83 /* AP Class.app */;
			productType = "com.apple.product-type.application";
		};
		B683C508240276AD0083AE83 /* AP ClassTests */ = {
			isa = PBXNativeTarget;
			buildConfigurationList = B683C520240276AD0083AE83 /* Build configuration list for PBXNativeTarget "AP ClassTests" */;
			buildPhases = (
				B683C505240276AD0083AE83 /* Sources */,
				B683C506240276AD0083AE83 /* Frameworks */,
				B683C507240276AD0083AE83 /* Resources */,
			);
			buildRules = (
			);
			dependencies = (
				B683C50B240276AD0083AE83 /* PBXTargetDependency */,
			);
			name = "AP ClassTests";
			productName = "AP ClassTests";
			productReference = B683C509240276AD0083AE83 /* AP ClassTests.xctest */;
			productType = "com.apple.product-type.bundle.unit-test";
		};
		B683C513240276AD0083AE83 /* AP ClassUITests */ = {
			isa = PBXNativeTarget;
			buildConfigurationList = B683C523240276AD0083AE83 /* Build configuration list for PBXNativeTarget "AP ClassUITests" */;
			buildPhases = (
				B683C510240276AD0083AE83 /* Sources */,
				B683C511240276AD0083AE83 /* Frameworks */,
				B683C512240276AD0083AE83 /* Resources */,
			);
			buildRules = (
			);
			dependencies = (
				B683C516240276AD0083AE83 /* PBXTargetDependency */,
			);
			name = "AP ClassUITests";
			productName = "AP ClassUITests";
			productReference = B683C514240276AD0083AE83 /* AP ClassUITests.xctest */;
			productType = "com.apple.product-type.bundle.ui-testing";
		};
/* End PBXNativeTarget section */

/* Begin PBXProject section */
		B683C4EB240276A70083AE83 /* Project object */ = {
			isa = PBXProject;
			attributes = {
				LastSwiftUpdateCheck = 1130;
				LastUpgradeCheck = 1130;
				ORGANIZATIONNAME = "Arun Amuri";
				TargetAttributes = {
					B683C4F2240276A70083AE83 = {
						CreatedOnToolsVersion = 11.3.1;
					};
					B683C508240276AD0083AE83 = {
						CreatedOnToolsVersion = 11.3.1;
						TestTargetID = B683C4F2240276A70083AE83;
					};
					B683C513240276AD0083AE83 = {
						CreatedOnToolsVersion = 11.3.1;
						TestTargetID = B683C4F2240276A70083AE83;
					};
				};
			};
			buildConfigurationList = B683C4EE240276A70083AE83 /* Build configuration list for PBXProject "AP Class" */;
			compatibilityVersion = "Xcode 9.3";
			developmentRegion = en;
			hasScannedForEncodings = 0;
			knownRegions = (
				en,
				Base,
			);
			mainGroup = B683C4EA240276A70083AE83;
			productRefGroup = B683C4F4240276A70083AE83 /* Products */;
			projectDirPath = "";
			projectRoot = "";
			targets = (
				B683C4F2240276A70083AE83 /* AP Class */,
				B683C508240276AD0083AE83 /* AP ClassTests */,
				B683C513240276AD0083AE83 /* AP ClassUITests */,
			);
		};
/* End PBXProject section */

/* Begin PBXResourcesBuildPhase section */
		B683C4F1240276A70083AE83 /* Resources */ = {
			isa = PBXResourcesBuildPhase;
			buildActionMask = 2147483647;
			files = (
				B683C54D2402E7070083AE83 /* Teacher.storyboard in Resources */,
				B629CB2724043FA0004F3DF2 /* Grade.storyboard in Resources */,
				B629CB2524043F51004F3DF2 /* Class.storyboard in Resources */,
				B683C5532402F98D0083AE83 /* Course.storyboard in Resources */,
				B683C54B2402E6FF0083AE83 /* Student.storyboard in Resources */,
				B683C503240276AD0083AE83 /* LaunchScreen.storyboard in Resources */,
				B683C55B240309AD0083AE83 /* BookShelf.storyboard in Resources */,
				B683C53B24029C690083AE83 /* More.storyboard in Resources */,
				B683C500240276AD0083AE83 /* Assets.xcassets in Resources */,
				B683C4FE240276A70083AE83 /* Main.storyboard in Resources */,
				B683C53D24029C700083AE83 /* Profile.storyboard in Resources */,
			);
			runOnlyForDeploymentPostprocessing = 0;
		};
		B683C507240276AD0083AE83 /* Resources */ = {
			isa = PBXResourcesBuildPhase;
			buildActionMask = 2147483647;
			files = (
			);
			runOnlyForDeploymentPostprocessing = 0;
		};
		B683C512240276AD0083AE83 /* Resources */ = {
			isa = PBXResourcesBuildPhase;
			buildActionMask = 2147483647;
			files = (
			);
			runOnlyForDeploymentPostprocessing = 0;
		};
/* End PBXResourcesBuildPhase section */

/* Begin PBXSourcesBuildPhase section */
		B683C4EF240276A70083AE83 /* Sources */ = {
			isa = PBXSourcesBuildPhase;
			buildActionMask = 2147483647;
			files = (
				B683C52E24028C550083AE83 /* LoginViewController.swift in Sources */,
				B683C5472402DC280083AE83 /* StudentSignupViewController.swift in Sources */,
				B683C559240305090083AE83 /* CourseCollectionViewCell.swift in Sources */,
				B683C4FB240276A70083AE83 /* ViewController.swift in Sources */,
				B683C4F7240276A70083AE83 /* AppDelegate.swift in Sources */,
				B629CB2324043F13004F3DF2 /* TeacherGradeViewController.swift in Sources */,
				B683C55F24030DD20083AE83 /* MoreTableViewCell.swift in Sources */,
				B683C4F9240276A70083AE83 /* SceneDelegate.swift in Sources */,
				B683C53524029ABA0083AE83 /* ClassTabBarViewController.swift in Sources */,
				B683C5572402FB450083AE83 /* StudentTabViewController.swift in Sources */,
				B683C53024028C600083AE83 /* SignUpViewController.swift in Sources */,
				B683C5512402F14B0083AE83 /* MoreViewController.swift in Sources */,
				B683C55D24030A140083AE83 /* BookShelfViewController.swift in Sources */,
				B629CB2124043F06004F3DF2 /* TeacherClassViewController.swift in Sources */,
				B683C5552402F9A30083AE83 /* CourseViewController.swift in Sources */,
				B683C5412402BACE0083AE83 /* LoginAndSignupViewController.swift in Sources */,
				B683C53224028C6C0083AE83 /* HomeViewController.swift in Sources */,
				B683C5452402CC810083AE83 /* ViewExtensions.swift in Sources */,
				B683C54F2402F0D10083AE83 /* ProfileViewController.swift in Sources */,
				B683C5432402C9E60083AE83 /* GlobalFunctions.swift in Sources */,
				B683C5492402DC3A0083AE83 /* TeacherSignupViewController.swift in Sources */,
			);
			runOnlyForDeploymentPostprocessing = 0;
		};
		B683C505240276AD0083AE83 /* Sources */ = {
			isa = PBXSourcesBuildPhase;
			buildActionMask = 2147483647;
			files = (
				B683C50E240276AD0083AE83 /* AP_ClassTests.swift in Sources */,
			);
			runOnlyForDeploymentPostprocessing = 0;
		};
		B683C510240276AD0083AE83 /* Sources */ = {
			isa = PBXSourcesBuildPhase;
			buildActionMask = 2147483647;
			files = (
				B683C519240276AD0083AE83 /* AP_ClassUITests.swift in Sources */,
			);
			runOnlyForDeploymentPostprocessing = 0;
		};
/* End PBXSourcesBuildPhase section */

/* Begin PBXTargetDependency section */
		B683C50B240276AD0083AE83 /* PBXTargetDependency */ = {
			isa = PBXTargetDependency;
			target = B683C4F2240276A70083AE83 /* AP Class */;
			targetProxy = B683C50A240276AD0083AE83 /* PBXContainerItemProxy */;
		};
		B683C516240276AD0083AE83 /* PBXTargetDependency */ = {
			isa = PBXTargetDependency;
			target = B683C4F2240276A70083AE83 /* AP Class */;
			targetProxy = B683C515240276AD0083AE83 /* PBXContainerItemProxy */;
		};
/* End PBXTargetDependency section */

/* Begin PBXVariantGroup section */
		B683C4FC240276A70083AE83 /* Main.storyboard */ = {
			isa = PBXVariantGroup;
			children = (
				B683C4FD240276A70083AE83 /* Base */,
			);
			name = Main.storyboard;
			sourceTree = "<group>";
		};
		B683C501240276AD0083AE83 /* LaunchScreen.storyboard */ = {
			isa = PBXVariantGroup;
			children = (
				B683C502240276AD0083AE83 /* Base */,
			);
			name = LaunchScreen.storyboard;
			sourceTree = "<group>";
		};
/* End PBXVariantGroup section */

/* Begin XCBuildConfiguration section */
		B683C51B240276AD0083AE83 /* Debug */ = {
			isa = XCBuildConfiguration;
			buildSettings = {
				ALWAYS_SEARCH_USER_PATHS = NO;
				CLANG_ANALYZER_NONNULL = YES;
				CLANG_ANALYZER_NUMBER_OBJECT_CONVERSION = YES_AGGRESSIVE;
				CLANG_CXX_LANGUAGE_STANDARD = "gnu++14";
				CLANG_CXX_LIBRARY = "libc++";
				CLANG_ENABLE_MODULES = YES;
				CLANG_ENABLE_OBJC_ARC = YES;
				CLANG_ENABLE_OBJC_WEAK = YES;
				CLANG_WARN_BLOCK_CAPTURE_AUTORELEASING = YES;
				CLANG_WARN_BOOL_CONVERSION = YES;
				CLANG_WARN_COMMA = YES;
				CLANG_WARN_CONSTANT_CONVERSION = YES;
				CLANG_WARN_DEPRECATED_OBJC_IMPLEMENTATIONS = YES;
				CLANG_WARN_DIRECT_OBJC_ISA_USAGE = YES_ERROR;
				CLANG_WARN_DOCUMENTATION_COMMENTS = YES;
				CLANG_WARN_EMPTY_BODY = YES;
				CLANG_WARN_ENUM_CONVERSION = YES;
				CLANG_WARN_INFINITE_RECURSION = YES;
				CLANG_WARN_INT_CONVERSION = YES;
				CLANG_WARN_NON_LITERAL_NULL_CONVERSION = YES;
				CLANG_WARN_OBJC_IMPLICIT_RETAIN_SELF = YES;
				CLANG_WARN_OBJC_LITERAL_CONVERSION = YES;
				CLANG_WARN_OBJC_ROOT_CLASS = YES_ERROR;
				CLANG_WARN_RANGE_LOOP_ANALYSIS = YES;
				CLANG_WARN_STRICT_PROTOTYPES = YES;
				CLANG_WARN_SUSPICIOUS_MOVE = YES;
				CLANG_WARN_UNGUARDED_AVAILABILITY = YES_AGGRESSIVE;
				CLANG_WARN_UNREACHABLE_CODE = YES;
				CLANG_WARN__DUPLICATE_METHOD_MATCH = YES;
				COPY_PHASE_STRIP = NO;
				DEBUG_INFORMATION_FORMAT = dwarf;
				ENABLE_STRICT_OBJC_MSGSEND = YES;
				ENABLE_TESTABILITY = YES;
				GCC_C_LANGUAGE_STANDARD = gnu11;
				GCC_DYNAMIC_NO_PIC = NO;
				GCC_NO_COMMON_BLOCKS = YES;
				GCC_OPTIMIZATION_LEVEL = 0;
				GCC_PREPROCESSOR_DEFINITIONS = (
					"DEBUG=1",
					"$(inherited)",
				);
				GCC_WARN_64_TO_32_BIT_CONVERSION = YES;
				GCC_WARN_ABOUT_RETURN_TYPE = YES_ERROR;
				GCC_WARN_UNDECLARED_SELECTOR = YES;
				GCC_WARN_UNINITIALIZED_AUTOS = YES_AGGRESSIVE;
				GCC_WARN_UNUSED_FUNCTION = YES;
				GCC_WARN_UNUSED_VARIABLE = YES;
				IPHONEOS_DEPLOYMENT_TARGET = 13.2;
				MTL_ENABLE_DEBUG_INFO = INCLUDE_SOURCE;
				MTL_FAST_MATH = YES;
				ONLY_ACTIVE_ARCH = YES;
				SDKROOT = iphoneos;
				SWIFT_ACTIVE_COMPILATION_CONDITIONS = DEBUG;
				SWIFT_OPTIMIZATION_LEVEL = "-Onone";
			};
			name = Debug;
		};
		B683C51C240276AD0083AE83 /* Release */ = {
			isa = XCBuildConfiguration;
			buildSettings = {
				ALWAYS_SEARCH_USER_PATHS = NO;
				CLANG_ANALYZER_NONNULL = YES;
				CLANG_ANALYZER_NUMBER_OBJECT_CONVERSION = YES_AGGRESSIVE;
				CLANG_CXX_LANGUAGE_STANDARD = "gnu++14";
				CLANG_CXX_LIBRARY = "libc++";
				CLANG_ENABLE_MODULES = YES;
				CLANG_ENABLE_OBJC_ARC = YES;
				CLANG_ENABLE_OBJC_WEAK = YES;
				CLANG_WARN_BLOCK_CAPTURE_AUTORELEASING = YES;
				CLANG_WARN_BOOL_CONVERSION = YES;
				CLANG_WARN_COMMA = YES;
				CLANG_WARN_CONSTANT_CONVERSION = YES;
				CLANG_WARN_DEPRECATED_OBJC_IMPLEMENTATIONS = YES;
				CLANG_WARN_DIRECT_OBJC_ISA_USAGE = YES_ERROR;
				CLANG_WARN_DOCUMENTATION_COMMENTS = YES;
				CLANG_WARN_EMPTY_BODY = YES;
				CLANG_WARN_ENUM_CONVERSION = YES;
				CLANG_WARN_INFINITE_RECURSION = YES;
				CLANG_WARN_INT_CONVERSION = YES;
				CLANG_WARN_NON_LITERAL_NULL_CONVERSION = YES;
				CLANG_WARN_OBJC_IMPLICIT_RETAIN_SELF = YES;
				CLANG_WARN_OBJC_LITERAL_CONVERSION = YES;
				CLANG_WARN_OBJC_ROOT_CLASS = YES_ERROR;
				CLANG_WARN_RANGE_LOOP_ANALYSIS = YES;
				CLANG_WARN_STRICT_PROTOTYPES = YES;
				CLANG_WARN_SUSPICIOUS_MOVE = YES;
				CLANG_WARN_UNGUARDED_AVAILABILITY = YES_AGGRESSIVE;
				CLANG_WARN_UNREACHABLE_CODE = YES;
				CLANG_WARN__DUPLICATE_METHOD_MATCH = YES;
				COPY_PHASE_STRIP = NO;
				DEBUG_INFORMATION_FORMAT = "dwarf-with-dsym";
				ENABLE_NS_ASSERTIONS = NO;
				ENABLE_STRICT_OBJC_MSGSEND = YES;
				GCC_C_LANGUAGE_STANDARD = gnu11;
				GCC_NO_COMMON_BLOCKS = YES;
				GCC_WARN_64_TO_32_BIT_CONVERSION = YES;
				GCC_WARN_ABOUT_RETURN_TYPE = YES_ERROR;
				GCC_WARN_UNDECLARED_SELECTOR = YES;
				GCC_WARN_UNINITIALIZED_AUTOS = YES_AGGRESSIVE;
				GCC_WARN_UNUSED_FUNCTION = YES;
				GCC_WARN_UNUSED_VARIABLE = YES;
				IPHONEOS_DEPLOYMENT_TARGET = 13.2;
				MTL_ENABLE_DEBUG_INFO = NO;
				MTL_FAST_MATH = YES;
				SDKROOT = iphoneos;
				SWIFT_COMPILATION_MODE = wholemodule;
				SWIFT_OPTIMIZATION_LEVEL = "-O";
				VALIDATE_PRODUCT = YES;
			};
			name = Release;
		};
		B683C51E240276AD0083AE83 /* Debug */ = {
			isa = XCBuildConfiguration;
			buildSettings = {
				ASSETCATALOG_COMPILER_APPICON_NAME = AppIcon;
				CODE_SIGN_STYLE = Automatic;
				INFOPLIST_FILE = "AP Class/Info.plist";
				LD_RUNPATH_SEARCH_PATHS = (
					"$(inherited)",
					"@executable_path/Frameworks",
				);
				PRODUCT_BUNDLE_IDENTIFIER = "test.AP-Class";
				PRODUCT_NAME = "$(TARGET_NAME)";
				SWIFT_VERSION = 5.0;
				TARGETED_DEVICE_FAMILY = "1,2";
			};
			name = Debug;
		};
		B683C51F240276AD0083AE83 /* Release */ = {
			isa = XCBuildConfiguration;
			buildSettings = {
				ASSETCATALOG_COMPILER_APPICON_NAME = AppIcon;
				CODE_SIGN_STYLE = Automatic;
				INFOPLIST_FILE = "AP Class/Info.plist";
				LD_RUNPATH_SEARCH_PATHS = (
					"$(inherited)",
					"@executable_path/Frameworks",
				);
				PRODUCT_BUNDLE_IDENTIFIER = "test.AP-Class";
				PRODUCT_NAME = "$(TARGET_NAME)";
				SWIFT_VERSION = 5.0;
				TARGETED_DEVICE_FAMILY = "1,2";
			};
			name = Release;
		};
		B683C521240276AD0083AE83 /* Debug */ = {
			isa = XCBuildConfiguration;
			buildSettings = {
				ALWAYS_EMBED_SWIFT_STANDARD_LIBRARIES = YES;
				BUNDLE_LOADER = "$(TEST_HOST)";
				CODE_SIGN_STYLE = Automatic;
				INFOPLIST_FILE = "AP ClassTests/Info.plist";
				IPHONEOS_DEPLOYMENT_TARGET = 13.2;
				LD_RUNPATH_SEARCH_PATHS = (
					"$(inherited)",
					"@executable_path/Frameworks",
					"@loader_path/Frameworks",
				);
				PRODUCT_BUNDLE_IDENTIFIER = "test.AP-ClassTests";
				PRODUCT_NAME = "$(TARGET_NAME)";
				SWIFT_VERSION = 5.0;
				TARGETED_DEVICE_FAMILY = "1,2";
				TEST_HOST = "$(BUILT_PRODUCTS_DIR)/AP Class.app/AP Class";
			};
			name = Debug;
		};
		B683C522240276AD0083AE83 /* Release */ = {
			isa = XCBuildConfiguration;
			buildSettings = {
				ALWAYS_EMBED_SWIFT_STANDARD_LIBRARIES = YES;
				BUNDLE_LOADER = "$(TEST_HOST)";
				CODE_SIGN_STYLE = Automatic;
				INFOPLIST_FILE = "AP ClassTests/Info.plist";
				IPHONEOS_DEPLOYMENT_TARGET = 13.2;
				LD_RUNPATH_SEARCH_PATHS = (
					"$(inherited)",
					"@executable_path/Frameworks",
					"@loader_path/Frameworks",
				);
				PRODUCT_BUNDLE_IDENTIFIER = "test.AP-ClassTests";
				PRODUCT_NAME = "$(TARGET_NAME)";
				SWIFT_VERSION = 5.0;
				TARGETED_DEVICE_FAMILY = "1,2";
				TEST_HOST = "$(BUILT_PRODUCTS_DIR)/AP Class.app/AP Class";
			};
			name = Release;
		};
		B683C524240276AD0083AE83 /* Debug */ = {
			isa = XCBuildConfiguration;
			buildSettings = {
				ALWAYS_EMBED_SWIFT_STANDARD_LIBRARIES = YES;
				CODE_SIGN_STYLE = Automatic;
				INFOPLIST_FILE = "AP ClassUITests/Info.plist";
				LD_RUNPATH_SEARCH_PATHS = (
					"$(inherited)",
					"@executable_path/Frameworks",
					"@loader_path/Frameworks",
				);
				PRODUCT_BUNDLE_IDENTIFIER = "test.AP-ClassUITests";
				PRODUCT_NAME = "$(TARGET_NAME)";
				SWIFT_VERSION = 5.0;
				TARGETED_DEVICE_FAMILY = "1,2";
				TEST_TARGET_NAME = "AP Class";
			};
			name = Debug;
		};
		B683C525240276AD0083AE83 /* Release */ = {
			isa = XCBuildConfiguration;
			buildSettings = {
				ALWAYS_EMBED_SWIFT_STANDARD_LIBRARIES = YES;
				CODE_SIGN_STYLE = Automatic;
				INFOPLIST_FILE = "AP ClassUITests/Info.plist";
				LD_RUNPATH_SEARCH_PATHS = (
					"$(inherited)",
					"@executable_path/Frameworks",
					"@loader_path/Frameworks",
				);
				PRODUCT_BUNDLE_IDENTIFIER = "test.AP-ClassUITests";
				PRODUCT_NAME = "$(TARGET_NAME)";
				SWIFT_VERSION = 5.0;
				TARGETED_DEVICE_FAMILY = "1,2";
				TEST_TARGET_NAME = "AP Class";
			};
			name = Release;
		};
/* End XCBuildConfiguration section */

/* Begin XCConfigurationList section */
		B683C4EE240276A70083AE83 /* Build configuration list for PBXProject "AP Class" */ = {
			isa = XCConfigurationList;
			buildConfigurations = (
				B683C51B240276AD0083AE83 /* Debug */,
				B683C51C240276AD0083AE83 /* Release */,
			);
			defaultConfigurationIsVisible = 0;
			defaultConfigurationName = Release;
		};
		B683C51D240276AD0083AE83 /* Build configuration list for PBXNativeTarget "AP Class" */ = {
			isa = XCConfigurationList;
			buildConfigurations = (
				B683C51E240276AD0083AE83 /* Debug */,
				B683C51F240276AD0083AE83 /* Release */,
			);
			defaultConfigurationIsVisible = 0;
			defaultConfigurationName = Release;
		};
		B683C520240276AD0083AE83 /* Build configuration list for PBXNativeTarget "AP ClassTests" */ = {
			isa = XCConfigurationList;
			buildConfigurations = (
				B683C521240276AD0083AE83 /* Debug */,
				B683C522240276AD0083AE83 /* Release */,
			);
			defaultConfigurationIsVisible = 0;
			defaultConfigurationName = Release;
		};
		B683C523240276AD0083AE83 /* Build configuration list for PBXNativeTarget "AP ClassUITests" */ = {
			isa = XCConfigurationList;
			buildConfigurations = (
				B683C524240276AD0083AE83 /* Debug */,
				B683C525240276AD0083AE83 /* Release */,
			);
			defaultConfigurationIsVisible = 0;
			defaultConfigurationName = Release;
		};
/* End XCConfigurationList section */
	};
	rootObject = B683C4EB240276A70083AE83 /* Project object */;
}
